// !$*UTF8*$!
{
	archiveVersion = 1;
	classes = {
	};
	objectVersion = 50;
	objects = {

/* Begin PBXBuildFile section */
		420A8FAF246DED3A00E22DAC /* AppDelegate.swift in Sources */ = {isa = PBXBuildFile; fileRef = 420A8FAE246DED3A00E22DAC /* AppDelegate.swift */; };
		420A8FB1246DED3A00E22DAC /* SceneDelegate.swift in Sources */ = {isa = PBXBuildFile; fileRef = 420A8FB0246DED3A00E22DAC /* SceneDelegate.swift */; };
		420A8FB3246DED3A00E22DAC /* ContentView.swift in Sources */ = {isa = PBXBuildFile; fileRef = 420A8FB2246DED3A00E22DAC /* ContentView.swift */; };
		420A8FB5246DED3E00E22DAC /* Assets.xcassets in Resources */ = {isa = PBXBuildFile; fileRef = 420A8FB4246DED3E00E22DAC /* Assets.xcassets */; };
		420A8FB8246DED3E00E22DAC /* Preview Assets.xcassets in Resources */ = {isa = PBXBuildFile; fileRef = 420A8FB7246DED3E00E22DAC /* Preview Assets.xcassets */; };
		420A8FBB246DED3E00E22DAC /* LaunchScreen.storyboard in Resources */ = {isa = PBXBuildFile; fileRef = 420A8FB9246DED3E00E22DAC /* LaunchScreen.storyboard */; };
		420A8FC3246FA17800E22DAC /* User.swift in Sources */ = {isa = PBXBuildFile; fileRef = 420A8FC2246FA17800E22DAC /* User.swift */; };
		423CFE502470AD4700C3CCF2 /* SignUpView.swift in Sources */ = {isa = PBXBuildFile; fileRef = 423CFE4F2470AD4700C3CCF2 /* SignUpView.swift */; };
/* End PBXBuildFile section */

/* Begin PBXFileReference section */
		420A8FAB246DED3A00E22DAC /* VincentApp.app */ = {isa = PBXFileReference; explicitFileType = wrapper.application; includeInIndex = 0; path = VincentApp.app; sourceTree = BUILT_PRODUCTS_DIR; };
		420A8FAE246DED3A00E22DAC /* AppDelegate.swift */ = {isa = PBXFileReference; lastKnownFileType = sourcecode.swift; path = AppDelegate.swift; sourceTree = "<group>"; };
		420A8FB0246DED3A00E22DAC /* SceneDelegate.swift */ = {isa = PBXFileReference; lastKnownFileType = sourcecode.swift; path = SceneDelegate.swift; sourceTree = "<group>"; };
		420A8FB2246DED3A00E22DAC /* ContentView.swift */ = {isa = PBXFileReference; lastKnownFileType = sourcecode.swift; path = ContentView.swift; sourceTree = "<group>"; };
		420A8FB4246DED3E00E22DAC /* Assets.xcassets */ = {isa = PBXFileReference; lastKnownFileType = folder.assetcatalog; path = Assets.xcassets; sourceTree = "<group>"; };
		420A8FB7246DED3E00E22DAC /* Preview Assets.xcassets */ = {isa = PBXFileReference; lastKnownFileType = folder.assetcatalog; path = "Preview Assets.xcassets"; sourceTree = "<group>"; };
		420A8FBA246DED3E00E22DAC /* Base */ = {isa = PBXFileReference; lastKnownFileType = file.storyboard; name = Base; path = Base.lproj/LaunchScreen.storyboard; sourceTree = "<group>"; };
		420A8FBC246DED3E00E22DAC /* Info.plist */ = {isa = PBXFileReference; lastKnownFileType = text.plist.xml; path = Info.plist; sourceTree = "<group>"; };
		420A8FC2246FA17800E22DAC /* User.swift */ = {isa = PBXFileReference; lastKnownFileType = sourcecode.swift; path = User.swift; sourceTree = "<group>"; };
		423CFE4F2470AD4700C3CCF2 /* SignUpView.swift */ = {isa = PBXFileReference; lastKnownFileType = sourcecode.swift; path = SignUpView.swift; sourceTree = "<group>"; };
/* End PBXFileReference section */

/* Begin PBXFrameworksBuildPhase section */
		420A8FA8246DED3A00E22DAC /* Frameworks */ = {
			isa = PBXFrameworksBuildPhase;
			buildActionMask = 2147483647;
			files = (
			);
			runOnlyForDeploymentPostprocessing = 0;
		};
/* End PBXFrameworksBuildPhase section */

/* Begin PBXGroup section */
		420A8FA2246DED3A00E22DAC = {
			isa = PBXGroup;
			children = (
				420A8FAD246DED3A00E22DAC /* VincentApp */,
				420A8FAC246DED3A00E22DAC /* Products */,
			);
			sourceTree = "<group>";
		};
		420A8FAC246DED3A00E22DAC /* Products */ = {
			isa = PBXGroup;
			children = (
				420A8FAB246DED3A00E22DAC /* VincentApp.app */,
			);
			name = Products;
			sourceTree = "<group>";
		};
		420A8FAD246DED3A00E22DAC /* VincentApp */ = {
			isa = PBXGroup;
			children = (
				420A8FAE246DED3A00E22DAC /* AppDelegate.swift */,
				420A8FB0246DED3A00E22DAC /* SceneDelegate.swift */,
				420A8FB2246DED3A00E22DAC /* ContentView.swift */,
				423CFE4F2470AD4700C3CCF2 /* SignUpView.swift */,
				420A8FC2246FA17800E22DAC /* User.swift */,
				420A8FB4246DED3E00E22DAC /* Assets.xcassets */,
				420A8FB9246DED3E00E22DAC /* LaunchScreen.storyboard */,
				420A8FBC246DED3E00E22DAC /* Info.plist */,
				420A8FB6246DED3E00E22DAC /* Preview Content */,
			);
			path = VincentApp;
			sourceTree = "<group>";
		};
		420A8FB6246DED3E00E22DAC /* Preview Content */ = {
			isa = PBXGroup;
			children = (
				420A8FB7246DED3E00E22DAC /* Preview Assets.xcassets */,
			);
			path = "Preview Content";
			sourceTree = "<group>";
		};
/* End PBXGroup section */

/* Begin PBXNativeTarget section */
		420A8FAA246DED3A00E22DAC /* VincentApp */ = {
			isa = PBXNativeTarget;
			buildConfigurationList = 420A8FBF246DED3E00E22DAC /* Build configuration list for PBXNativeTarget "VincentApp" */;
			buildPhases = (
				420A8FA7246DED3A00E22DAC /* Sources */,
				420A8FA8246DED3A00E22DAC /* Frameworks */,
				420A8FA9246DED3A00E22DAC /* Resources */,
			);
			buildRules = (
			);
			dependencies = (
			);
			name = VincentApp;
			productName = VincentApp;
			productReference = 420A8FAB246DED3A00E22DAC /* VincentApp.app */;
			productType = "com.apple.product-type.application";
		};
/* End PBXNativeTarget section */

/* Begin PBXProject section */
		420A8FA3246DED3A00E22DAC /* Project object */ = {
			isa = PBXProject;
			attributes = {
				LastSwiftUpdateCheck = 1140;
				LastUpgradeCheck = 1140;
				ORGANIZATIONNAME = "Eng.shoqi aldh";
				TargetAttributes = {
					420A8FAA246DED3A00E22DAC = {
						CreatedOnToolsVersion = 11.4.1;
					};
				};
			};
			buildConfigurationList = 420A8FA6246DED3A00E22DAC /* Build configuration list for PBXProject "VincentApp" */;
			compatibilityVersion = "Xcode 9.3";
			developmentRegion = en;
			hasScannedForEncodings = 0;
			knownRegions = (
				en,
				Base,
			);
			mainGroup = 420A8FA2246DED3A00E22DAC;
			productRefGroup = 420A8FAC246DED3A00E22DAC /* Products */;
			projectDirPath = "";
			projectRoot = "";
			targets = (
				420A8FAA246DED3A00E22DAC /* VincentApp */,
			);
		};
/* End PBXProject section */

/* Begin PBXResourcesBuildPhase section */
		420A8FA9246DED3A00E22DAC /* Resources */ = {
			isa = PBXResourcesBuildPhase;
			buildActionMask = 2147483647;
			files = (
				420A8FBB246DED3E00E22DAC /* LaunchScreen.storyboard in Resources */,
				420A8FB8246DED3E00E22DAC /* Preview Assets.xcassets in Resources */,
				420A8FB5246DED3E00E22DAC /* Assets.xcassets in Resources */,
			);
			runOnlyForDeploymentPostprocessing = 0;
		};
/* End PBXResourcesBuildPhase section */

/* Begin PBXSourcesBuildPhase section */
		420A8FA7246DED3A00E22DAC /* Sources */ = {
			isa = PBXSourcesBuildPhase;
			buildActionMask = 2147483647;
			files = (
				420A8FC3246FA17800E22DAC /* User.swift in Sources */,
				423CFE502470AD4700C3CCF2 /* SignUpView.swift in Sources */,
				420A8FAF246DED3A00E22DAC /* AppDelegate.swift in Sources */,
				420A8FB1246DED3A00E22DAC /* SceneDelegate.swift in Sources */,
				420A8FB3246DED3A00E22DAC /* ContentView.swift in Sources */,
			);
			runOnlyForDeploymentPostprocessing = 0;
		};
/* End PBXSourcesBuildPhase section */

/* Begin PBXVariantGroup section */
		420A8FB9246DED3E00E22DAC /* LaunchScreen.storyboard */ = {
			isa = PBXVariantGroup;
			children = (
				420A8FBA246DED3E00E22DAC /* Base */,
			);
			name = LaunchScreen.storyboard;
			sourceTree = "<group>";
		};
/* End PBXVariantGroup section */

/* Begin XCBuildConfiguration section */
		420A8FBD246DED3E00E22DAC /* Debug */ = {
			isa = XCBuildConfiguration;
			buildSettings = {
				ALWAYS_SEARCH_USER_PATHS = NO;
				CLANG_ANALYZER_NONNULL = YES;
				CLANG_ANALYZER_NUMBER_OBJECT_CONVERSION = YES_AGGRESSIVE;
				CLANG_CXX_LANGUAGE_STANDARD = "gnu++14";
				CLANG_CXX_LIBRARY = "libc++";
				CLANG_ENABLE_MODULES = YES;
				CLANG_ENABLE_OBJC_ARC = YES;
				CLANG_ENABLE_OBJC_WEAK = YES;
				CLANG_WARN_BLOCK_CAPTURE_AUTORELEASING = YES;
				CLANG_WARN_BOOL_CONVERSION = YES;
				CLANG_WARN_COMMA = YES;
				CLANG_WARN_CONSTANT_CONVERSION = YES;
				CLANG_WARN_DEPRECATED_OBJC_IMPLEMENTATIONS = YES;
				CLANG_WARN_DIRECT_OBJC_ISA_USAGE = YES_ERROR;
				CLANG_WARN_DOCUMENTATION_COMMENTS = YES;
				CLANG_WARN_EMPTY_BODY = YES;
				CLANG_WARN_ENUM_CONVERSION = YES;
				CLANG_WARN_INFINITE_RECURSION = YES;
				CLANG_WARN_INT_CONVERSION = YES;
				CLANG_WARN_NON_LITERAL_NULL_CONVERSION = YES;
				CLANG_WARN_OBJC_IMPLICIT_RETAIN_SELF = YES;
				CLANG_WARN_OBJC_LITERAL_CONVERSION = YES;
				CLANG_WARN_OBJC_ROOT_CLASS = YES_ERROR;
				CLANG_WARN_RANGE_LOOP_ANALYSIS = YES;
				CLANG_WARN_STRICT_PROTOTYPES = YES;
				CLANG_WARN_SUSPICIOUS_MOVE = YES;
				CLANG_WARN_UNGUARDED_AVAILABILITY = YES_AGGRESSIVE;
				CLANG_WARN_UNREACHABLE_CODE = YES;
				CLANG_WARN__DUPLICATE_METHOD_MATCH = YES;
				COPY_PHASE_STRIP = NO;
				DEBUG_INFORMATION_FORMAT = dwarf;
				ENABLE_STRICT_OBJC_MSGSEND = YES;
				ENABLE_TESTABILITY = YES;
				GCC_C_LANGUAGE_STANDARD = gnu11;
				GCC_DYNAMIC_NO_PIC = NO;
				GCC_NO_COMMON_BLOCKS = YES;
				GCC_OPTIMIZATION_LEVEL = 0;
				GCC_PREPROCESSOR_DEFINITIONS = (
					"DEBUG=1",
					"$(inherited)",
				);
				GCC_WARN_64_TO_32_BIT_CONVERSION = YES;
				GCC_WARN_ABOUT_RETURN_TYPE = YES_ERROR;
				GCC_WARN_UNDECLARED_SELECTOR = YES;
				GCC_WARN_UNINITIALIZED_AUTOS = YES_AGGRESSIVE;
				GCC_WARN_UNUSED_FUNCTION = YES;
				GCC_WARN_UNUSED_VARIABLE = YES;
				IPHONEOS_DEPLOYMENT_TARGET = 13.4;
				MTL_ENABLE_DEBUG_INFO = INCLUDE_SOURCE;
				MTL_FAST_MATH = YES;
				ONLY_ACTIVE_ARCH = YES;
				SDKROOT = iphoneos;
				SWIFT_ACTIVE_COMPILATION_CONDITIONS = DEBUG;
				SWIFT_OPTIMIZATION_LEVEL = "-Onone";
			};
			name = Debug;
		};
		420A8FBE246DED3E00E22DAC /* Release */ = {
			isa = XCBuildConfiguration;
			buildSettings = {
				ALWAYS_SEARCH_USER_PATHS = NO;
				CLANG_ANALYZER_NONNULL = YES;
				CLANG_ANALYZER_NUMBER_OBJECT_CONVERSION = YES_AGGRESSIVE;
				CLANG_CXX_LANGUAGE_STANDARD = "gnu++14";
				CLANG_CXX_LIBRARY = "libc++";
				CLANG_ENABLE_MODULES = YES;
				CLANG_ENABLE_OBJC_ARC = YES;
				CLANG_ENABLE_OBJC_WEAK = YES;
				CLANG_WARN_BLOCK_CAPTURE_AUTORELEASING = YES;
				CLANG_WARN_BOOL_CONVERSION = YES;
				CLANG_WARN_COMMA = YES;
				CLANG_WARN_CONSTANT_CONVERSION = YES;
				CLANG_WARN_DEPRECATED_OBJC_IMPLEMENTATIONS = YES;
				CLANG_WARN_DIRECT_OBJC_ISA_USAGE = YES_ERROR;
				CLANG_WARN_DOCUMENTATION_COMMENTS = YES;
				CLANG_WARN_EMPTY_BODY = YES;
				CLANG_WARN_ENUM_CONVERSION = YES;
				CLANG_WARN_INFINITE_RECURSION = YES;
				CLANG_WARN_INT_CONVERSION = YES;
				CLANG_WARN_NON_LITERAL_NULL_CONVERSION = YES;
				CLANG_WARN_OBJC_IMPLICIT_RETAIN_SELF = YES;
				CLANG_WARN_OBJC_LITERAL_CONVERSION = YES;
				CLANG_WARN_OBJC_ROOT_CLASS = YES_ERROR;
				CLANG_WARN_RANGE_LOOP_ANALYSIS = YES;
				CLANG_WARN_STRICT_PROTOTYPES = YES;
				CLANG_WARN_SUSPICIOUS_MOVE = YES;
				CLANG_WARN_UNGUARDED_AVAILABILITY = YES_AGGRESSIVE;
				CLANG_WARN_UNREACHABLE_CODE = YES;
				CLANG_WARN__DUPLICATE_METHOD_MATCH = YES;
				COPY_PHASE_STRIP = NO;
				DEBUG_INFORMATION_FORMAT = "dwarf-with-dsym";
				ENABLE_NS_ASSERTIONS = NO;
				ENABLE_STRICT_OBJC_MSGSEND = YES;
				GCC_C_LANGUAGE_STANDARD = gnu11;
				GCC_NO_COMMON_BLOCKS = YES;
				GCC_WARN_64_TO_32_BIT_CONVERSION = YES;
				GCC_WARN_ABOUT_RETURN_TYPE = YES_ERROR;
				GCC_WARN_UNDECLARED_SELECTOR = YES;
				GCC_WARN_UNINITIALIZED_AUTOS = YES_AGGRESSIVE;
				GCC_WARN_UNUSED_FUNCTION = YES;
				GCC_WARN_UNUSED_VARIABLE = YES;
				IPHONEOS_DEPLOYMENT_TARGET = 13.4;
				MTL_ENABLE_DEBUG_INFO = NO;
				MTL_FAST_MATH = YES;
				SDKROOT = iphoneos;
				SWIFT_COMPILATION_MODE = wholemodule;
				SWIFT_OPTIMIZATION_LEVEL = "-O";
				VALIDATE_PRODUCT = YES;
			};
			name = Release;
		};
		420A8FC0246DED3E00E22DAC /* Debug */ = {
			isa = XCBuildConfiguration;
			buildSettings = {
				ASSETCATALOG_COMPILER_APPICON_NAME = AppIcon;
				CODE_SIGN_STYLE = Automatic;
				DEVELOPMENT_ASSET_PATHS = "\"VincentApp/Preview Content\"";
				ENABLE_PREVIEWS = YES;
				INFOPLIST_FILE = VincentApp/Info.plist;
				LD_RUNPATH_SEARCH_PATHS = (
					"$(inherited)",
					"@executable_path/Frameworks",
				);
				PRODUCT_BUNDLE_IDENTIFIER = ASh.VincentApp;
				PRODUCT_NAME = "$(TARGET_NAME)";
				SWIFT_VERSION = 5.0;
				TARGETED_DEVICE_FAMILY = 1;
			};
			name = Debug;
		};
		420A8FC1246DED3E00E22DAC /* Release */ = {
			isa = XCBuildConfiguration;
			buildSettings = {
				ASSETCATALOG_COMPILER_APPICON_NAME = AppIcon;
				CODE_SIGN_STYLE = Automatic;
				DEVELOPMENT_ASSET_PATHS = "\"VincentApp/Preview Content\"";
				ENABLE_PREVIEWS = YES;
				INFOPLIST_FILE = VincentApp/Info.plist;
				LD_RUNPATH_SEARCH_PATHS = (
					"$(inherited)",
					"@executable_path/Frameworks",
				);
				PRODUCT_BUNDLE_IDENTIFIER = ASh.VincentApp;
				PRODUCT_NAME = "$(TARGET_NAME)";
				SWIFT_VERSION = 5.0;
				TARGETED_DEVICE_FAMILY = 1;
			};
			name = Release;
		};
/* End XCBuildConfiguration section */

/* Begin XCConfigurationList section */
		420A8FA6246DED3A00E22DAC /* Build configuration list for PBXProject "VincentApp" */ = {
			isa = XCConfigurationList;
			buildConfigurations = (
				420A8FBD246DED3E00E22DAC /* Debug */,
				420A8FBE246DED3E00E22DAC /* Release */,
			);
			defaultConfigurationIsVisible = 0;
			defaultConfigurationName = Release;
		};
		420A8FBF246DED3E00E22DAC /* Build configuration list for PBXNativeTarget "VincentApp" */ = {
			isa = XCConfigurationList;
			buildConfigurations = (
				420A8FC0246DED3E00E22DAC /* Debug */,
				420A8FC1246DED3E00E22DAC /* Release */,
			);
			defaultConfigurationIsVisible = 0;
			defaultConfigurationName = Release;
		};
/* End XCConfigurationList section */
	};
	rootObject = 420A8FA3246DED3A00E22DAC /* Project object */;
}
